
Microsoft Visual Studio Solution File, Format Version 12.00
# Visual Studio 2012
Project("{FAE04EC0-301F-11D3-BF4B-00C04F79EFBC}") = "MemoryMessagePipe", "MemoryMessagePipe\MemoryMessagePipe.csproj", "{84C8B988-3CA3-4DEF-A2F5-289A92F2962A}"
EndProject
Project("{FAE04EC0-301F-11D3-BF4B-00C04F79EFBC}") = "MemoryMessagePipe.Tests", "MemoryMessagePipe.Tests\MemoryMessagePipe.Tests.csproj", "{F40B3795-71A3-4110-BBB0-8847BA111201}"
EndProject
Project("{2150E333-8FDC-42A3-9474-1A3956D46DE8}") = ".nuget", ".nuget", "{4A550254-68E7-4264-AED0-9CCFB1DA48DB}"
	ProjectSection(SolutionItems) = preProject
		.nuget\NuGet.Config = .nuget\NuGet.Config
		.nuget\NuGet.exe = .nuget\NuGet.exe
		.nuget\NuGet.targets = .nuget\NuGet.targets
	EndProjectSection
EndProject
Global
	GlobalSection(SolutionConfigurationPlatforms) = preSolution
		Debug|Any CPU = Debug|Any CPU
		Release|Any CPU = Release|Any CPU
	EndGlobalSection
	GlobalSection(ProjectConfigurationPlatforms) = postSolution
		{84C8B988-3CA3-4DEF-A2F5-289A92F2962A}.Debug|Any CPU.ActiveCfg = Debug|Any CPU
		{84C8B988-3CA3-4DEF-A2F5-289A92F2962A}.Debug|Any CPU.Build.0 = Debug|Any CPU
		{84C8B988-3CA3-4DEF-A2F5-289A92F2962A}.Release|Any CPU.ActiveCfg = Release|Any CPU
		{84C8B988-3CA3-4DEF-A2F5-289A92F2962A}.Release|Any CPU.Build.0 = Release|Any CPU
		{F40B3795-71A3-4110-BBB0-8847BA111201}.Debug|Any CPU.ActiveCfg = Debug|Any CPU
		{F40B3795-71A3-4110-BBB0-8847BA111201}.Debug|Any CPU.Build.0 = Debug|Any CPU
		{F40B3795-71A3-4110-BBB0-8847BA111201}.Release|Any CPU.ActiveCfg = Release|Any CPU
		{F40B3795-71A3-4110-BBB0-8847BA111201}.Release|Any CPU.Build.0 = Release|Any CPU
	EndGlobalSection
	GlobalSection(SolutionProperties) = preSolution
		HideSolutionNode = FALSE
	EndGlobalSection
EndGlobal
